
Microsoft Visual Studio Solution File, Format Version 12.00
# Visual Studio 15
Project("{FAE04EC0-301F-11D3-BF4B-00C04F79EFBC}") = "longMath", "longMath\longMath.csproj", "{714F788E-1D5B-4F0E-9E0F-2513ACEABE7E}"
EndProject
Global
	GlobalSection(SolutionConfigurationPlatforms) = preSolution
		Debug|anycpu = Debug|anycpu
		Release|anycpu = Release|anycpu
	EndGlobalSection
	GlobalSection(ProjectConfigurationPlatforms) = postSolution
		{714F788E-1D5B-4F0E-9E0F-2513ACEABE7E}.Debug|anycpu.ActiveCfg = Debug|anycpu
		{714F788E-1D5B-4F0E-9E0F-2513ACEABE7E}.Debug|anycpu.Build.0 = Debug|anycpu
		{714F788E-1D5B-4F0E-9E0F-2513ACEABE7E}.Release|anycpu.ActiveCfg = Release|anycpu
		{714F788E-1D5B-4F0E-9E0F-2513ACEABE7E}.Release|anycpu.Build.0 = Release|anycpu
	EndGlobalSection
EndGlobal
